
Microsoft Visual Studio Solution File, Format Version 12.00
# Visual Studio Version 17
VisualStudioVersion = 17.9.34902.65
MinimumVisualStudioVersion = 10.0.40219.1
Project("{FAE04EC0-301F-11D3-BF4B-00C04F79EFBC}") = "ButterflyAnimation", "ButterflyAnimation\ButterflyAnimation.csproj", "{E71D1B09-8A7D-4A63-8FEF-D43FE53CB203}"
EndProject
Global
	GlobalSection(SolutionConfigurationPlatforms) = preSolution
		Debug|Any CPU = Debug|Any CPU
		Release|Any CPU = Release|Any CPU
	EndGlobalSection
	GlobalSection(ProjectConfigurationPlatforms) = postSolution
		{E71D1B09-8A7D-4A63-8FEF-D43FE53CB203}.Debug|Any CPU.ActiveCfg = Debug|Any CPU
		{E71D1B09-8A7D-4A63-8FEF-D43FE53CB203}.Debug|Any CPU.Build.0 = Debug|Any CPU
		{E71D1B09-8A7D-4A63-8FEF-D43FE53CB203}.Release|Any CPU.ActiveCfg = Release|Any CPU
		{E71D1B09-8A7D-4A63-8FEF-D43FE53CB203}.Release|Any CPU.Build.0 = Release|Any CPU
	EndGlobalSection
	GlobalSection(SolutionProperties) = preSolution
		HideSolutionNode = FALSE
	EndGlobalSection
	GlobalSection(ExtensibilityGlobals) = postSolution
		SolutionGuid = {D9B67B0D-362A-4479-8421-B8518FEB15D7}
	EndGlobalSection
EndGlobal
